// !$*UTF8*$!
{
	archiveVersion = 1;
	classes = {
	};
	objectVersion = 50;
	objects = {

/* Begin PBXBuildFile section */
		230251C120C64F660038F481 /* AppDelegate.m in Sources */ = {isa = PBXBuildFile; fileRef = 230251C020C64F660038F481 /* AppDelegate.m */; };
		230251C420C64F660038F481 /* PokerViewController.m in Sources */ = {isa = PBXBuildFile; fileRef = 230251C320C64F660038F481 /* PokerViewController.m */; };
		230251C720C64F660038F481 /* Main.storyboard in Resources */ = {isa = PBXBuildFile; fileRef = 230251C520C64F660038F481 /* Main.storyboard */; };
		230251C920C64F680038F481 /* Assets.xcassets in Resources */ = {isa = PBXBuildFile; fileRef = 230251C820C64F680038F481 /* Assets.xcassets */; };
		230251CC20C64F680038F481 /* LaunchScreen.storyboard in Resources */ = {isa = PBXBuildFile; fileRef = 230251CA20C64F680038F481 /* LaunchScreen.storyboard */; };
		230251CF20C64F680038F481 /* main.m in Sources */ = {isa = PBXBuildFile; fileRef = 230251CE20C64F680038F481 /* main.m */; };
		230251D920C64F680038F481 /* PokerTests.m in Sources */ = {isa = PBXBuildFile; fileRef = 230251D820C64F680038F481 /* PokerTests.m */; };
		230251E620C650340038F481 /* Card.m in Sources */ = {isa = PBXBuildFile; fileRef = 230251E520C650340038F481 /* Card.m */; };
		230251E920C659DB0038F481 /* Deck.m in Sources */ = {isa = PBXBuildFile; fileRef = 230251E820C659DB0038F481 /* Deck.m */; };
		231A0B4B20C77B12001AEB07 /* PokerGame.m in Sources */ = {isa = PBXBuildFile; fileRef = 231A0B4A20C77B12001AEB07 /* PokerGame.m */; };
		231A0B4E20C787AE001AEB07 /* Hand.m in Sources */ = {isa = PBXBuildFile; fileRef = 231A0B4D20C787AE001AEB07 /* Hand.m */; };
		23F7F10C20C67B790023C30C /* CardButton.m in Sources */ = {isa = PBXBuildFile; fileRef = 23F7F10B20C67B790023C30C /* CardButton.m */; };
/* End PBXBuildFile section */

/* Begin PBXContainerItemProxy section */
		230251D520C64F680038F481 /* PBXContainerItemProxy */ = {
			isa = PBXContainerItemProxy;
			containerPortal = 230251B420C64F660038F481 /* Project object */;
			proxyType = 1;
			remoteGlobalIDString = 230251BB20C64F660038F481;
			remoteInfo = Poker;
		};
/* End PBXContainerItemProxy section */

/* Begin PBXFileReference section */
		230251BC20C64F660038F481 /* Poker.app */ = {isa = PBXFileReference; explicitFileType = wrapper.application; includeInIndex = 0; path = Poker.app; sourceTree = BUILT_PRODUCTS_DIR; };
		230251BF20C64F660038F481 /* AppDelegate.h */ = {isa = PBXFileReference; lastKnownFileType = sourcecode.c.h; path = AppDelegate.h; sourceTree = "<group>"; };
		230251C020C64F660038F481 /* AppDelegate.m */ = {isa = PBXFileReference; lastKnownFileType = sourcecode.c.objc; path = AppDelegate.m; sourceTree = "<group>"; };
		230251C220C64F660038F481 /* PokerViewController.h */ = {isa = PBXFileReference; lastKnownFileType = sourcecode.c.h; path = PokerViewController.h; sourceTree = "<group>"; };
		230251C320C64F660038F481 /* PokerViewController.m */ = {isa = PBXFileReference; lastKnownFileType = sourcecode.c.objc; path = PokerViewController.m; sourceTree = "<group>"; };
		230251C620C64F660038F481 /* Base */ = {isa = PBXFileReference; lastKnownFileType = file.storyboard; name = Base; path = Base.lproj/Main.storyboard; sourceTree = "<group>"; };
		230251C820C64F680038F481 /* Assets.xcassets */ = {isa = PBXFileReference; lastKnownFileType = folder.assetcatalog; path = Assets.xcassets; sourceTree = "<group>"; };
		230251CB20C64F680038F481 /* Base */ = {isa = PBXFileReference; lastKnownFileType = file.storyboard; name = Base; path = Base.lproj/LaunchScreen.storyboard; sourceTree = "<group>"; };
		230251CD20C64F680038F481 /* Info.plist */ = {isa = PBXFileReference; lastKnownFileType = text.plist.xml; path = Info.plist; sourceTree = "<group>"; };
		230251CE20C64F680038F481 /* main.m */ = {isa = PBXFileReference; lastKnownFileType = sourcecode.c.objc; path = main.m; sourceTree = "<group>"; };
		230251D420C64F680038F481 /* PokerTests.xctest */ = {isa = PBXFileReference; explicitFileType = wrapper.cfbundle; includeInIndex = 0; path = PokerTests.xctest; sourceTree = BUILT_PRODUCTS_DIR; };
		230251D820C64F680038F481 /* PokerTests.m */ = {isa = PBXFileReference; lastKnownFileType = sourcecode.c.objc; path = PokerTests.m; sourceTree = "<group>"; };
		230251DA20C64F680038F481 /* Info.plist */ = {isa = PBXFileReference; lastKnownFileType = text.plist.xml; path = Info.plist; sourceTree = "<group>"; };
		230251E520C650340038F481 /* Card.m */ = {isa = PBXFileReference; lastKnownFileType = sourcecode.c.objc; path = Card.m; sourceTree = "<group>"; };
		230251E720C650420038F481 /* Card.h */ = {isa = PBXFileReference; lastKnownFileType = sourcecode.c.h; path = Card.h; sourceTree = "<group>"; };
		230251E820C659DB0038F481 /* Deck.m */ = {isa = PBXFileReference; lastKnownFileType = sourcecode.c.objc; path = Deck.m; sourceTree = "<group>"; };
		230251EA20C659E40038F481 /* Deck.h */ = {isa = PBXFileReference; lastKnownFileType = sourcecode.c.h; path = Deck.h; sourceTree = "<group>"; };
		231A0B4A20C77B12001AEB07 /* PokerGame.m */ = {isa = PBXFileReference; lastKnownFileType = sourcecode.c.objc; path = PokerGame.m; sourceTree = "<group>"; };
		231A0B4C20C77B19001AEB07 /* PokerGame.h */ = {isa = PBXFileReference; lastKnownFileType = sourcecode.c.h; path = PokerGame.h; sourceTree = "<group>"; };
		231A0B4D20C787AE001AEB07 /* Hand.m */ = {isa = PBXFileReference; lastKnownFileType = sourcecode.c.objc; path = Hand.m; sourceTree = "<group>"; };
		231A0B4F20C787B5001AEB07 /* Hand.h */ = {isa = PBXFileReference; lastKnownFileType = sourcecode.c.h; path = Hand.h; sourceTree = "<group>"; };
		23F7F10A20C67B790023C30C /* CardButton.h */ = {isa = PBXFileReference; lastKnownFileType = sourcecode.c.h; path = CardButton.h; sourceTree = "<group>"; };
		23F7F10B20C67B790023C30C /* CardButton.m */ = {isa = PBXFileReference; lastKnownFileType = sourcecode.c.objc; path = CardButton.m; sourceTree = "<group>"; };
/* End PBXFileReference section */

/* Begin PBXFrameworksBuildPhase section */
		230251B920C64F660038F481 /* Frameworks */ = {
			isa = PBXFrameworksBuildPhase;
			buildActionMask = 2147483647;
			files = (
			);
			runOnlyForDeploymentPostprocessing = 0;
		};
		230251D120C64F680038F481 /* Frameworks */ = {
			isa = PBXFrameworksBuildPhase;
			buildActionMask = 2147483647;
			files = (
			);
			runOnlyForDeploymentPostprocessing = 0;
		};
/* End PBXFrameworksBuildPhase section */

/* Begin PBXGroup section */
		230251B320C64F660038F481 = {
			isa = PBXGroup;
			children = (
				230251BE20C64F660038F481 /* Poker */,
				230251D720C64F680038F481 /* PokerTests */,
				230251BD20C64F660038F481 /* Products */,
			);
			sourceTree = "<group>";
		};
		230251BD20C64F660038F481 /* Products */ = {
			isa = PBXGroup;
			children = (
				230251BC20C64F660038F481 /* Poker.app */,
				230251D420C64F680038F481 /* PokerTests.xctest */,
			);
			name = Products;
			sourceTree = "<group>";
		};
		230251BE20C64F660038F481 /* Poker */ = {
			isa = PBXGroup;
			children = (
				230251BF20C64F660038F481 /* AppDelegate.h */,
				230251C020C64F660038F481 /* AppDelegate.m */,
				230251C520C64F660038F481 /* Main.storyboard */,
				230251C820C64F680038F481 /* Assets.xcassets */,
				230251CA20C64F680038F481 /* LaunchScreen.storyboard */,
				230251CD20C64F680038F481 /* Info.plist */,
				230251CE20C64F680038F481 /* main.m */,
				23F7F10920C67B040023C30C /* Models */,
				2319FDE820C8A8750043ED40 /* Views */,
				2319FDE920C8A88B0043ED40 /* Controllers */,
			);
			path = Poker;
			sourceTree = "<group>";
		};
		230251D720C64F680038F481 /* PokerTests */ = {
			isa = PBXGroup;
			children = (
				230251D820C64F680038F481 /* PokerTests.m */,
				230251DA20C64F680038F481 /* Info.plist */,
			);
			path = PokerTests;
			sourceTree = "<group>";
		};
		2319FDE820C8A8750043ED40 /* Views */ = {
			isa = PBXGroup;
			children = (
				23F7F10A20C67B790023C30C /* CardButton.h */,
				23F7F10B20C67B790023C30C /* CardButton.m */,
			);
			path = Views;
			sourceTree = "<group>";
		};
		2319FDE920C8A88B0043ED40 /* Controllers */ = {
			isa = PBXGroup;
			children = (
				230251C220C64F660038F481 /* PokerViewController.h */,
				230251C320C64F660038F481 /* PokerViewController.m */,
			);
			path = Controllers;
			sourceTree = "<group>";
		};
		23F7F10920C67B040023C30C /* Models */ = {
			isa = PBXGroup;
			children = (
				230251E720C650420038F481 /* Card.h */,
				230251E520C650340038F481 /* Card.m */,
				231A0B4F20C787B5001AEB07 /* Hand.h */,
				231A0B4D20C787AE001AEB07 /* Hand.m */,
				230251EA20C659E40038F481 /* Deck.h */,
				230251E820C659DB0038F481 /* Deck.m */,
				231A0B4C20C77B19001AEB07 /* PokerGame.h */,
				231A0B4A20C77B12001AEB07 /* PokerGame.m */,
			);
			path = Models;
			sourceTree = "<group>";
		};
/* End PBXGroup section */

/* Begin PBXNativeTarget section */
		230251BB20C64F660038F481 /* Poker */ = {
			isa = PBXNativeTarget;
			buildConfigurationList = 230251DD20C64F680038F481 /* Build configuration list for PBXNativeTarget "Poker" */;
			buildPhases = (
				230251B820C64F660038F481 /* Sources */,
				230251B920C64F660038F481 /* Frameworks */,
				230251BA20C64F660038F481 /* Resources */,
			);
			buildRules = (
			);
			dependencies = (
			);
			name = Poker;
			productName = Poker;
			productReference = 230251BC20C64F660038F481 /* Poker.app */;
			productType = "com.apple.product-type.application";
		};
		230251D320C64F680038F481 /* PokerTests */ = {
			isa = PBXNativeTarget;
			buildConfigurationList = 230251E020C64F680038F481 /* Build configuration list for PBXNativeTarget "PokerTests" */;
			buildPhases = (
				230251D020C64F680038F481 /* Sources */,
				230251D120C64F680038F481 /* Frameworks */,
				230251D220C64F680038F481 /* Resources */,
			);
			buildRules = (
			);
			dependencies = (
				230251D620C64F680038F481 /* PBXTargetDependency */,
			);
			name = PokerTests;
			productName = PokerTests;
			productReference = 230251D420C64F680038F481 /* PokerTests.xctest */;
			productType = "com.apple.product-type.bundle.unit-test";
		};
/* End PBXNativeTarget section */

/* Begin PBXProject section */
		230251B420C64F660038F481 /* Project object */ = {
			isa = PBXProject;
			attributes = {
				LastUpgradeCheck = 0930;
				ORGANIZATIONNAME = "Jake Martin";
				TargetAttributes = {
					230251BB20C64F660038F481 = {
						CreatedOnToolsVersion = 9.3;
						LastSwiftMigration = 0930;
					};
					230251D320C64F680038F481 = {
						CreatedOnToolsVersion = 9.3;
						TestTargetID = 230251BB20C64F660038F481;
					};
				};
			};
			buildConfigurationList = 230251B720C64F660038F481 /* Build configuration list for PBXProject "Poker" */;
			compatibilityVersion = "Xcode 9.3";
			developmentRegion = en;
			hasScannedForEncodings = 0;
			knownRegions = (
				en,
				Base,
			);
			mainGroup = 230251B320C64F660038F481;
			productRefGroup = 230251BD20C64F660038F481 /* Products */;
			projectDirPath = "";
			projectRoot = "";
			targets = (
				230251BB20C64F660038F481 /* Poker */,
				230251D320C64F680038F481 /* PokerTests */,
			);
		};
/* End PBXProject section */

/* Begin PBXResourcesBuildPhase section */
		230251BA20C64F660038F481 /* Resources */ = {
			isa = PBXResourcesBuildPhase;
			buildActionMask = 2147483647;
			files = (
				230251CC20C64F680038F481 /* LaunchScreen.storyboard in Resources */,
				230251C920C64F680038F481 /* Assets.xcassets in Resources */,
				230251C720C64F660038F481 /* Main.storyboard in Resources */,
			);
			runOnlyForDeploymentPostprocessing = 0;
		};
		230251D220C64F680038F481 /* Resources */ = {
			isa = PBXResourcesBuildPhase;
			buildActionMask = 2147483647;
			files = (
			);
			runOnlyForDeploymentPostprocessing = 0;
		};
/* End PBXResourcesBuildPhase section */

/* Begin PBXSourcesBuildPhase section */
		230251B820C64F660038F481 /* Sources */ = {
			isa = PBXSourcesBuildPhase;
			buildActionMask = 2147483647;
			files = (
				23F7F10C20C67B790023C30C /* CardButton.m in Sources */,
				230251E920C659DB0038F481 /* Deck.m in Sources */,
				230251C420C64F660038F481 /* PokerViewController.m in Sources */,
				230251CF20C64F680038F481 /* main.m in Sources */,
				231A0B4E20C787AE001AEB07 /* Hand.m in Sources */,
				230251C120C64F660038F481 /* AppDelegate.m in Sources */,
				230251E620C650340038F481 /* Card.m in Sources */,
				231A0B4B20C77B12001AEB07 /* PokerGame.m in Sources */,
			);
			runOnlyForDeploymentPostprocessing = 0;
		};
		230251D020C64F680038F481 /* Sources */ = {
			isa = PBXSourcesBuildPhase;
			buildActionMask = 2147483647;
			files = (
				230251D920C64F680038F481 /* PokerTests.m in Sources */,
			);
			runOnlyForDeploymentPostprocessing = 0;
		};
/* End PBXSourcesBuildPhase section */

/* Begin PBXTargetDependency section */
		230251D620C64F680038F481 /* PBXTargetDependency */ = {
			isa = PBXTargetDependency;
			target = 230251BB20C64F660038F481 /* Poker */;
			targetProxy = 230251D520C64F680038F481 /* PBXContainerItemProxy */;
		};
/* End PBXTargetDependency section */

/* Begin PBXVariantGroup section */
		230251C520C64F660038F481 /* Main.storyboard */ = {
			isa = PBXVariantGroup;
			children = (
				230251C620C64F660038F481 /* Base */,
			);
			name = Main.storyboard;
			sourceTree = "<group>";
		};
		230251CA20C64F680038F481 /* LaunchScreen.storyboard */ = {
			isa = PBXVariantGroup;
			children = (
				230251CB20C64F680038F481 /* Base */,
			);
			name = LaunchScreen.storyboard;
			sourceTree = "<group>";
		};
/* End PBXVariantGroup section */

/* Begin XCBuildConfiguration section */
		230251DB20C64F680038F481 /* Debug */ = {
			isa = XCBuildConfiguration;
			buildSettings = {
				ALWAYS_SEARCH_USER_PATHS = NO;
				CLANG_ANALYZER_NONNULL = YES;
				CLANG_ANALYZER_NUMBER_OBJECT_CONVERSION = YES_AGGRESSIVE;
				CLANG_CXX_LANGUAGE_STANDARD = "gnu++14";
				CLANG_CXX_LIBRARY = "libc++";
				CLANG_ENABLE_MODULES = YES;
				CLANG_ENABLE_OBJC_ARC = YES;
				CLANG_ENABLE_OBJC_WEAK = YES;
				CLANG_WARN_BLOCK_CAPTURE_AUTORELEASING = YES;
				CLANG_WARN_BOOL_CONVERSION = YES;
				CLANG_WARN_COMMA = YES;
				CLANG_WARN_CONSTANT_CONVERSION = YES;
				CLANG_WARN_DEPRECATED_OBJC_IMPLEMENTATIONS = YES;
				CLANG_WARN_DIRECT_OBJC_ISA_USAGE = YES_ERROR;
				CLANG_WARN_DOCUMENTATION_COMMENTS = YES;
				CLANG_WARN_EMPTY_BODY = YES;
				CLANG_WARN_ENUM_CONVERSION = YES;
				CLANG_WARN_INFINITE_RECURSION = YES;
				CLANG_WARN_INT_CONVERSION = YES;
				CLANG_WARN_NON_LITERAL_NULL_CONVERSION = YES;
				CLANG_WARN_OBJC_IMPLICIT_RETAIN_SELF = YES;
				CLANG_WARN_OBJC_LITERAL_CONVERSION = YES;
				CLANG_WARN_OBJC_ROOT_CLASS = YES_ERROR;
				CLANG_WARN_RANGE_LOOP_ANALYSIS = YES;
				CLANG_WARN_STRICT_PROTOTYPES = YES;
				CLANG_WARN_SUSPICIOUS_MOVE = YES;
				CLANG_WARN_UNGUARDED_AVAILABILITY = YES_AGGRESSIVE;
				CLANG_WARN_UNREACHABLE_CODE = YES;
				CLANG_WARN__DUPLICATE_METHOD_MATCH = YES;
				CODE_SIGN_IDENTITY = "iPhone Developer";
				COPY_PHASE_STRIP = NO;
				DEBUG_INFORMATION_FORMAT = dwarf;
				ENABLE_STRICT_OBJC_MSGSEND = YES;
				ENABLE_TESTABILITY = YES;
				GCC_C_LANGUAGE_STANDARD = gnu11;
				GCC_DYNAMIC_NO_PIC = NO;
				GCC_NO_COMMON_BLOCKS = YES;
				GCC_OPTIMIZATION_LEVEL = 0;
				GCC_PREPROCESSOR_DEFINITIONS = (
					"DEBUG=1",
					"$(inherited)",
				);
				GCC_WARN_64_TO_32_BIT_CONVERSION = YES;
				GCC_WARN_ABOUT_RETURN_TYPE = YES_ERROR;
				GCC_WARN_UNDECLARED_SELECTOR = YES;
				GCC_WARN_UNINITIALIZED_AUTOS = YES_AGGRESSIVE;
				GCC_WARN_UNUSED_FUNCTION = YES;
				GCC_WARN_UNUSED_VARIABLE = YES;
				IPHONEOS_DEPLOYMENT_TARGET = 11.3;
				MTL_ENABLE_DEBUG_INFO = YES;
				ONLY_ACTIVE_ARCH = YES;
				SDKROOT = iphoneos;
			};
			name = Debug;
		};
		230251DC20C64F680038F481 /* Release */ = {
			isa = XCBuildConfiguration;
			buildSettings = {
				ALWAYS_SEARCH_USER_PATHS = NO;
				CLANG_ANALYZER_NONNULL = YES;
				CLANG_ANALYZER_NUMBER_OBJECT_CONVERSION = YES_AGGRESSIVE;
				CLANG_CXX_LANGUAGE_STANDARD = "gnu++14";
				CLANG_CXX_LIBRARY = "libc++";
				CLANG_ENABLE_MODULES = YES;
				CLANG_ENABLE_OBJC_ARC = YES;
				CLANG_ENABLE_OBJC_WEAK = YES;
				CLANG_WARN_BLOCK_CAPTURE_AUTORELEASING = YES;
				CLANG_WARN_BOOL_CONVERSION = YES;
				CLANG_WARN_COMMA = YES;
				CLANG_WARN_CONSTANT_CONVERSION = YES;
				CLANG_WARN_DEPRECATED_OBJC_IMPLEMENTATIONS = YES;
				CLANG_WARN_DIRECT_OBJC_ISA_USAGE = YES_ERROR;
				CLANG_WARN_DOCUMENTATION_COMMENTS = YES;
				CLANG_WARN_EMPTY_BODY = YES;
				CLANG_WARN_ENUM_CONVERSION = YES;
				CLANG_WARN_INFINITE_RECURSION = YES;
				CLANG_WARN_INT_CONVERSION = YES;
				CLANG_WARN_NON_LITERAL_NULL_CONVERSION = YES;
				CLANG_WARN_OBJC_IMPLICIT_RETAIN_SELF = YES;
				CLANG_WARN_OBJC_LITERAL_CONVERSION = YES;
				CLANG_WARN_OBJC_ROOT_CLASS = YES_ERROR;
				CLANG_WARN_RANGE_LOOP_ANALYSIS = YES;
				CLANG_WARN_STRICT_PROTOTYPES = YES;
				CLANG_WARN_SUSPICIOUS_MOVE = YES;
				CLANG_WARN_UNGUARDED_AVAILABILITY = YES_AGGRESSIVE;
				CLANG_WARN_UNREACHABLE_CODE = YES;
				CLANG_WARN__DUPLICATE_METHOD_MATCH = YES;
				CODE_SIGN_IDENTITY = "iPhone Developer";
				COPY_PHASE_STRIP = NO;
				DEBUG_INFORMATION_FORMAT = "dwarf-with-dsym";
				ENABLE_NS_ASSERTIONS = NO;
				ENABLE_STRICT_OBJC_MSGSEND = YES;
				GCC_C_LANGUAGE_STANDARD = gnu11;
				GCC_NO_COMMON_BLOCKS = YES;
				GCC_WARN_64_TO_32_BIT_CONVERSION = YES;
				GCC_WARN_ABOUT_RETURN_TYPE = YES_ERROR;
				GCC_WARN_UNDECLARED_SELECTOR = YES;
				GCC_WARN_UNINITIALIZED_AUTOS = YES_AGGRESSIVE;
				GCC_WARN_UNUSED_FUNCTION = YES;
				GCC_WARN_UNUSED_VARIABLE = YES;
				IPHONEOS_DEPLOYMENT_TARGET = 11.3;
				MTL_ENABLE_DEBUG_INFO = NO;
				SDKROOT = iphoneos;
				VALIDATE_PRODUCT = YES;
			};
			name = Release;
		};
		230251DE20C64F680038F481 /* Debug */ = {
			isa = XCBuildConfiguration;
			buildSettings = {
				ASSETCATALOG_COMPILER_APPICON_NAME = AppIcon;
				CLANG_ENABLE_MODULES = YES;
				CODE_SIGN_STYLE = Automatic;
				DEVELOPMENT_TEAM = AEBGH74Q5P;
				INFOPLIST_FILE = Poker/Info.plist;
				LD_RUNPATH_SEARCH_PATHS = (
					"$(inherited)",
					"@executable_path/Frameworks",
				);
				PRODUCT_BUNDLE_IDENTIFIER = com.jakemartin.Poker;
				PRODUCT_NAME = "$(TARGET_NAME)";
				SWIFT_OPTIMIZATION_LEVEL = "-Onone";
				SWIFT_VERSION = 3.0;
				TARGETED_DEVICE_FAMILY = "1,2";
			};
			name = Debug;
		};
		230251DF20C64F680038F481 /* Release */ = {
			isa = XCBuildConfiguration;
			buildSettings = {
				ASSETCATALOG_COMPILER_APPICON_NAME = AppIcon;
				CLANG_ENABLE_MODULES = YES;
				CODE_SIGN_STYLE = Automatic;
				DEVELOPMENT_TEAM = AEBGH74Q5P;
				INFOPLIST_FILE = Poker/Info.plist;
				LD_RUNPATH_SEARCH_PATHS = (
					"$(inherited)",
					"@executable_path/Frameworks",
				);
				PRODUCT_BUNDLE_IDENTIFIER = com.jakemartin.Poker;
				PRODUCT_NAME = "$(TARGET_NAME)";
				SWIFT_VERSION = 3.0;
				TARGETED_DEVICE_FAMILY = "1,2";
			};
			name = Release;
		};
		230251E120C64F680038F481 /* Debug */ = {
			isa = XCBuildConfiguration;
			buildSettings = {
				BUNDLE_LOADER = "$(TEST_HOST)";
				CODE_SIGN_STYLE = Automatic;
				DEVELOPMENT_TEAM = AEBGH74Q5P;
				INFOPLIST_FILE = PokerTests/Info.plist;
				LD_RUNPATH_SEARCH_PATHS = (
					"$(inherited)",
					"@executable_path/Frameworks",
					"@loader_path/Frameworks",
				);
				PRODUCT_BUNDLE_IDENTIFIER = com.jakemartin.PokerTests;
				PRODUCT_NAME = "$(TARGET_NAME)";
				TARGETED_DEVICE_FAMILY = "1,2";
				TEST_HOST = "$(BUILT_PRODUCTS_DIR)/Poker.app/Poker";
			};
			name = Debug;
		};
		230251E220C64F680038F481 /* Release */ = {
			isa = XCBuildConfiguration;
			buildSettings = {
				BUNDLE_LOADER = "$(TEST_HOST)";
				CODE_SIGN_STYLE = Automatic;
				DEVELOPMENT_TEAM = AEBGH74Q5P;
				INFOPLIST_FILE = PokerTests/Info.plist;
				LD_RUNPATH_SEARCH_PATHS = (
					"$(inherited)",
					"@executable_path/Frameworks",
					"@loader_path/Frameworks",
				);
				PRODUCT_BUNDLE_IDENTIFIER = com.jakemartin.PokerTests;
				PRODUCT_NAME = "$(TARGET_NAME)";
				TARGETED_DEVICE_FAMILY = "1,2";
				TEST_HOST = "$(BUILT_PRODUCTS_DIR)/Poker.app/Poker";
			};
			name = Release;
		};
/* End XCBuildConfiguration section */

/* Begin XCConfigurationList section */
		230251B720C64F660038F481 /* Build configuration list for PBXProject "Poker" */ = {
			isa = XCConfigurationList;
			buildConfigurations = (
				230251DB20C64F680038F481 /* Debug */,
				230251DC20C64F680038F481 /* Release */,
			);
			defaultConfigurationIsVisible = 0;
			defaultConfigurationName = Release;
		};
		230251DD20C64F680038F481 /* Build configuration list for PBXNativeTarget "Poker" */ = {
			isa = XCConfigurationList;
			buildConfigurations = (
				230251DE20C64F680038F481 /* Debug */,
				230251DF20C64F680038F481 /* Release */,
			);
			defaultConfigurationIsVisible = 0;
			defaultConfigurationName = Release;
		};
		230251E020C64F680038F481 /* Build configuration list for PBXNativeTarget "PokerTests" */ = {
			isa = XCConfigurationList;
			buildConfigurations = (
				230251E120C64F680038F481 /* Debug */,
				230251E220C64F680038F481 /* Release */,
			);
			defaultConfigurationIsVisible = 0;
			defaultConfigurationName = Release;
		};
/* End XCConfigurationList section */
	};
	rootObject = 230251B420C64F660038F481 /* Project object */;
}
